
Microsoft Visual Studio Solution File, Format Version 12.00
# Visual Studio Version 17
VisualStudioVersion = 17.11.35303.130
MinimumVisualStudioVersion = 10.0.40219.1
Project("{9A19103F-16F7-4668-BE54-9A1E7A4F7556}") = "Busero", "Busero.csproj", "{0F96F8C8-1844-4E72-BE50-102E1B38397C}"
EndProject
Global
	GlobalSection(SolutionConfigurationPlatforms) = preSolution
		Debug|Any CPU = Debug|Any CPU
		Release|Any CPU = Release|Any CPU
	EndGlobalSection
	GlobalSection(ProjectConfigurationPlatforms) = postSolution
		{0F96F8C8-1844-4E72-BE50-102E1B38397C}.Debug|Any CPU.ActiveCfg = Debug|Any CPU
		{0F96F8C8-1844-4E72-BE50-102E1B38397C}.Debug|Any CPU.Build.0 = Debug|Any CPU
		{0F96F8C8-1844-4E72-BE50-102E1B38397C}.Release|Any CPU.ActiveCfg = Release|Any CPU
		{0F96F8C8-1844-4E72-BE50-102E1B38397C}.Release|Any CPU.Build.0 = Release|Any CPU
	EndGlobalSection
	GlobalSection(SolutionProperties) = preSolution
		HideSolutionNode = FALSE
	EndGlobalSection
	GlobalSection(ExtensibilityGlobals) = postSolution
		SolutionGuid = {4AFEA360-66E6-47AA-9D4F-6A7717CCA8F9}
	EndGlobalSection
EndGlobal
